
Microsoft Visual Studio Solution File, Format Version 12.00
# Visual Studio Version 17
VisualStudioVersion = 17.9.34728.123
MinimumVisualStudioVersion = 10.0.40219.1
Project("{8BC9CEB8-8B4A-11D0-8D11-00A0C91BC942}") = "SimpleCarSimulator", "SimpleCarSimulator\SimpleCarSimulator.vcxproj", "{A70ECB8B-41F2-4EE1-AEC7-D15C573421C1}"
EndProject
Project("{8BC9CEB8-8B4A-11D0-8D11-00A0C91BC942}") = "SimpleCarSimulatorTests", "SimpleCarSimulatorTests\SimpleCarSimulatorTests.vcxproj", "{E2C6672F-A83E-4329-8041-ED36A079C0EF}"
EndProject
Global
	GlobalSection(SolutionConfigurationPlatforms) = preSolution
		Debug|x64 = Debug|x64
		Debug|x86 = Debug|x86
		Release|x64 = Release|x64
		Release|x86 = Release|x86
	EndGlobalSection
	GlobalSection(ProjectConfigurationPlatforms) = postSolution
		{A70ECB8B-41F2-4EE1-AEC7-D15C573421C1}.Debug|x64.ActiveCfg = Debug|x64
		{A70ECB8B-41F2-4EE1-AEC7-D15C573421C1}.Debug|x64.Build.0 = Debug|x64
		{A70ECB8B-41F2-4EE1-AEC7-D15C573421C1}.Debug|x86.ActiveCfg = Debug|Win32
		{A70ECB8B-41F2-4EE1-AEC7-D15C573421C1}.Debug|x86.Build.0 = Debug|Win32
		{A70ECB8B-41F2-4EE1-AEC7-D15C573421C1}.Release|x64.ActiveCfg = Release|x64
		{A70ECB8B-41F2-4EE1-AEC7-D15C573421C1}.Release|x64.Build.0 = Release|x64
		{A70ECB8B-41F2-4EE1-AEC7-D15C573421C1}.Release|x86.ActiveCfg = Release|Win32
		{A70ECB8B-41F2-4EE1-AEC7-D15C573421C1}.Release|x86.Build.0 = Release|Win32
		{E2C6672F-A83E-4329-8041-ED36A079C0EF}.Debug|x64.ActiveCfg = Debug|x64
		{E2C6672F-A83E-4329-8041-ED36A079C0EF}.Debug|x64.Build.0 = Debug|x64
		{E2C6672F-A83E-4329-8041-ED36A079C0EF}.Debug|x86.ActiveCfg = Debug|Win32
		{E2C6672F-A83E-4329-8041-ED36A079C0EF}.Debug|x86.Build.0 = Debug|Win32
		{E2C6672F-A83E-4329-8041-ED36A079C0EF}.Release|x64.ActiveCfg = Release|x64
		{E2C6672F-A83E-4329-8041-ED36A079C0EF}.Release|x64.Build.0 = Release|x64
		{E2C6672F-A83E-4329-8041-ED36A079C0EF}.Release|x86.ActiveCfg = Release|Win32
		{E2C6672F-A83E-4329-8041-ED36A079C0EF}.Release|x86.Build.0 = Release|Win32
	EndGlobalSection
	GlobalSection(SolutionProperties) = preSolution
		HideSolutionNode = FALSE
	EndGlobalSection
	GlobalSection(ExtensibilityGlobals) = postSolution
		SolutionGuid = {64C3072E-AC67-4239-B7C5-5F468BD911EC}
	EndGlobalSection
EndGlobal
